PODS:
  - MoEngage-iOS-SDK (6.1.1)
  - RudderMoEngage (1.0.0):
    - MoEngage-iOS-SDK (~> 6.1.0)
    - RudderStack
  - RudderStack (1.0.0-beta.5)

DEPENDENCIES:
  - MoEngage-iOS-SDK (~> 6.1.0)
  - RudderMoEngage (from `.`)
  - RudderStack (from `~/Documents/Rudder/rudder-sdk-swift/`)

SPEC REPOS:
  trunk:
    - MoEngage-iOS-SDK

EXTERNAL SOURCES:
  RudderMoEngage:
    :path: "."
  RudderStack:
    :path: "~/Documents/Rudder/rudder-sdk-swift/"

SPEC CHECKSUMS:
  MoEngage-iOS-SDK: 47c685f40824ceae1fe0c252d1dc0e85d0f10247
  RudderMoEngage: d2dfeb7d072c97459f9010307f3b3646116c1f2e
  RudderStack: 151db52fc1d2ccbba421c34c1916041d81cc6658

PODFILE CHECKSUM: 1f97461d72c8fed6d40d6f000447a53a27fced19

COCOAPODS: 1.11.3
