PODS:
  - MoEngage-iOS-SDK (6.1.1)
  - Rudder (2.0.0)
  - RudderMoEngage (1.0.0):
    - MoEngage-iOS-SDK (~> 6.1.0)
    - Rudder (~> 2.0.0)

DEPENDENCIES:
  - MoEngage-iOS-SDK (~> 6.1.0)
  - Rudder
  - RudderMoEngage (from `.`)

SPEC REPOS:
  https://github.com/CocoaPods/Specs.git:
    - Rudder
  trunk:
    - MoEngage-iOS-SDK

EXTERNAL SOURCES:
  RudderMoEngage:
    :path: "."

SPEC CHECKSUMS:
  MoEngage-iOS-SDK: 47c685f40824ceae1fe0c252d1dc0e85d0f10247
  Rudder: 3191eb7c0bd0158fc983e0b7e171223f701ebc7c
  RudderMoEngage: b1e3e696a1b6b9c265a17593201f67160130ef06

PODFILE CHECKSUM: c9b8c07e377732b998364791ce942f5ce546e575

COCOAPODS: 1.11.3
